
Microsoft Visual Studio Solution File, Format Version 12.00
# Visual Studio Version 17
VisualStudioVersion = 17.9.34902.65
MinimumVisualStudioVersion = 10.0.40219.1
Project("{FAE04EC0-301F-11D3-BF4B-00C04F79EFBC}") = "WebAPIAutores", "WebAPIAutores\WebAPIAutores.csproj", "{CC2A80F5-7821-46F7-9755-2659C148599F}"
EndProject
Global
	GlobalSection(SolutionConfigurationPlatforms) = preSolution
		Debug|Any CPU = Debug|Any CPU
		Release|Any CPU = Release|Any CPU
	EndGlobalSection
	GlobalSection(ProjectConfigurationPlatforms) = postSolution
		{CC2A80F5-7821-46F7-9755-2659C148599F}.Debug|Any CPU.ActiveCfg = Debug|Any CPU
		{CC2A80F5-7821-46F7-9755-2659C148599F}.Debug|Any CPU.Build.0 = Debug|Any CPU
		{CC2A80F5-7821-46F7-9755-2659C148599F}.Release|Any CPU.ActiveCfg = Release|Any CPU
		{CC2A80F5-7821-46F7-9755-2659C148599F}.Release|Any CPU.Build.0 = Release|Any CPU
	EndGlobalSection
	GlobalSection(SolutionProperties) = preSolution
		HideSolutionNode = FALSE
	EndGlobalSection
	GlobalSection(ExtensibilityGlobals) = postSolution
		SolutionGuid = {3B7571BB-C2C2-4AAA-8CF8-9EB00AFBF611}
	EndGlobalSection
EndGlobal
